
Microsoft Visual Studio Solution File, Format Version 12.00
# Visual Studio 15
Project("{FAE04EC0-301F-11D3-BF4B-00C04F79EFBC}") = "Meta.WitAi.Conduit", "Meta.WitAi.Conduit.csproj", "{3BC7D467-E3A5-ABBD-1285-3A6FC2209129}"
EndProject
Project("{FAE04EC0-301F-11D3-BF4B-00C04F79EFBC}") = "Oculus.VR", "Oculus.VR.csproj", "{86A28B69-46E7-2F8D-621A-E9D36B50CDC3}"
EndProject
Project("{FAE04EC0-301F-11D3-BF4B-00C04F79EFBC}") = "Oculus.Interaction", "Oculus.Interaction.csproj", "{0BE491B7-A797-9F33-2326-0C0018F76F7C}"
EndProject
Project("{FAE04EC0-301F-11D3-BF4B-00C04F79EFBC}") = "Oculus.Interaction.Editor", "Oculus.Interaction.Editor.csproj", "{7BFB5D0A-6C1C-B29C-CF2E-B314A1FFB97A}"
EndProject
Project("{FAE04EC0-301F-11D3-BF4B-00C04F79EFBC}") = "Oculus.Platform", "Oculus.Platform.csproj", "{4F38E62B-D727-C358-8007-FE547C88EEF3}"
EndProject
Project("{FAE04EC0-301F-11D3-BF4B-00C04F79EFBC}") = "VoiceSDK.Telemetry", "VoiceSDK.Telemetry.csproj", "{6591F681-1C9B-BC36-5504-21243C53FB7B}"
EndProject
Project("{FAE04EC0-301F-11D3-BF4B-00C04F79EFBC}") = "Assembly-CSharp", "Assembly-CSharp.csproj", "{3DE89B3E-8126-81F7-578C-13A321C3A07B}"
EndProject
Project("{FAE04EC0-301F-11D3-BF4B-00C04F79EFBC}") = "Oculus.Interaction.OVR.Samples", "Oculus.Interaction.OVR.Samples.csproj", "{F0623588-5376-07E9-7DFB-26C8D0872F57}"
EndProject
Project("{FAE04EC0-301F-11D3-BF4B-00C04F79EFBC}") = "Meta.WitAi.Lib", "Meta.WitAi.Lib.csproj", "{CD22902A-6407-9846-4E79-7AF45E751345}"
EndProject
Project("{FAE04EC0-301F-11D3-BF4B-00C04F79EFBC}") = "AssetCleaner", "AssetCleaner.csproj", "{AB23FBB5-3BFB-8F64-D50A-7DD6E9C35ADC}"
EndProject
Project("{FAE04EC0-301F-11D3-BF4B-00C04F79EFBC}") = "Meta.WitAi.Editor", "Meta.WitAi.Editor.csproj", "{4D16B790-F656-706A-C1DD-422B99B0580D}"
EndProject
Project("{FAE04EC0-301F-11D3-BF4B-00C04F79EFBC}") = "Meta.WitAi.Conduit.Editor", "Meta.WitAi.Conduit.Editor.csproj", "{270FB6AF-63F2-B180-CE58-828418321E3B}"
EndProject
Project("{FAE04EC0-301F-11D3-BF4B-00C04F79EFBC}") = "Meta.WitAi", "Meta.WitAi.csproj", "{65AFC81D-A5BC-05B9-6432-1CAB4580E6B7}"
EndProject
Project("{FAE04EC0-301F-11D3-BF4B-00C04F79EFBC}") = "Oculus.VR.Editor", "Oculus.VR.Editor.csproj", "{0717C436-543C-B8E7-A5F9-394159F9E203}"
EndProject
Project("{FAE04EC0-301F-11D3-BF4B-00C04F79EFBC}") = "Oculus.Interaction.OVR.Editor", "Oculus.Interaction.OVR.Editor.csproj", "{695AD088-5AC7-AB2E-1EA1-086A69761DFA}"
EndProject
Project("{FAE04EC0-301F-11D3-BF4B-00C04F79EFBC}") = "Oculus.LipSync", "Oculus.LipSync.csproj", "{28FCE37A-EC70-1F71-E9EC-614BBE2A1B33}"
EndProject
Project("{FAE04EC0-301F-11D3-BF4B-00C04F79EFBC}") = "Oculus.Interaction.OVR", "Oculus.Interaction.OVR.csproj", "{724A2B18-D89C-6DA8-045F-8F16F23D3747}"
EndProject
Project("{FAE04EC0-301F-11D3-BF4B-00C04F79EFBC}") = "VoiceSDK.Editor", "VoiceSDK.Editor.csproj", "{9BF7E8B8-D5C1-6BAA-6CDD-8B50232D65CC}"
EndProject
Project("{FAE04EC0-301F-11D3-BF4B-00C04F79EFBC}") = "Meta.WitAI.Lib.Editor", "Meta.WitAI.Lib.Editor.csproj", "{E1F38309-FAE0-1A95-4C38-304D30B7F037}"
EndProject
Project("{FAE04EC0-301F-11D3-BF4B-00C04F79EFBC}") = "Oculus.AudioManager", "Oculus.AudioManager.csproj", "{7AA39B9F-57F6-ECC5-2EC4-E36714C7415D}"
EndProject
Project("{FAE04EC0-301F-11D3-BF4B-00C04F79EFBC}") = "Meta.Voice.Samples.BuiltInTimer", "Meta.Voice.Samples.BuiltInTimer.csproj", "{FE526EE3-3354-B13F-43B9-F052A016E819}"
EndProject
Project("{FAE04EC0-301F-11D3-BF4B-00C04F79EFBC}") = "Meta.XR.BuildingBlocks.Editor", "Meta.XR.BuildingBlocks.Editor.csproj", "{C2DA9C64-4225-F336-3C75-E82E0192C85D}"
EndProject
Project("{FAE04EC0-301F-11D3-BF4B-00C04F79EFBC}") = "Meta.Voice.VSDKHub.Editor", "Meta.Voice.VSDKHub.Editor.csproj", "{0E8B85FC-CED6-D628-5756-FB5C40978C7D}"
EndProject
Project("{FAE04EC0-301F-11D3-BF4B-00C04F79EFBC}") = "VoiceSDK.Dictation.Runtime", "VoiceSDK.Dictation.Runtime.csproj", "{12D7E733-DF19-52BF-467E-9DFACAED8D8C}"
EndProject
Project("{FAE04EC0-301F-11D3-BF4B-00C04F79EFBC}") = "Meta.WitAi.TTS", "Meta.WitAi.TTS.csproj", "{0D9BA943-B8C2-CBDE-384D-DA59DDDD00AC}"
EndProject
Project("{FAE04EC0-301F-11D3-BF4B-00C04F79EFBC}") = "AssistantCoreSDKRuntime", "AssistantCoreSDKRuntime.csproj", "{B828E5A5-CC1D-2BE2-2FA7-396B4EFA3E57}"
EndProject
Project("{FAE04EC0-301F-11D3-BF4B-00C04F79EFBC}") = "Assembly-CSharp-Editor", "Assembly-CSharp-Editor.csproj", "{30D0DB38-6FC8-0D02-7E7E-A44021C8FE8E}"
EndProject
Project("{FAE04EC0-301F-11D3-BF4B-00C04F79EFBC}") = "Meta.Voice.Samples.TTSVoices", "Meta.Voice.Samples.TTSVoices.csproj", "{CF5D5309-6B49-69B1-64C1-0EA3765602B6}"
EndProject
Project("{FAE04EC0-301F-11D3-BF4B-00C04F79EFBC}") = "VoiceSDK.Runtime", "VoiceSDK.Runtime.csproj", "{2A2D3436-8BAD-385A-172D-2DEDAF17D9E8}"
EndProject
Project("{FAE04EC0-301F-11D3-BF4B-00C04F79EFBC}") = "Oculus.VR.Scripts.Editor", "Oculus.VR.Scripts.Editor.csproj", "{A97A4869-434A-1B9F-6F46-3BAD11AA3B64}"
EndProject
Project("{FAE04EC0-301F-11D3-BF4B-00C04F79EFBC}") = "Meta.Voice.Samples.LightTraits", "Meta.Voice.Samples.LightTraits.csproj", "{DC370AD5-0B5B-D2D2-3396-12C7AA703621}"
EndProject
Project("{FAE04EC0-301F-11D3-BF4B-00C04F79EFBC}") = "Meta.Voice.Hub.Editor", "Meta.Voice.Hub.Editor.csproj", "{1E1FB05B-BEE6-4710-4256-DF09A74269D2}"
EndProject
Project("{FAE04EC0-301F-11D3-BF4B-00C04F79EFBC}") = "Oculus.Interaction.Samples.Editor", "Oculus.Interaction.Samples.Editor.csproj", "{85E42DAC-59F9-3BD8-3B30-F02135D2153E}"
EndProject
Project("{FAE04EC0-301F-11D3-BF4B-00C04F79EFBC}") = "Meta.WitAi.TTS.Editor", "Meta.WitAi.TTS.Editor.csproj", "{FB53F4B4-54A7-F54C-1C10-3FDF83240302}"
EndProject
Project("{FAE04EC0-301F-11D3-BF4B-00C04F79EFBC}") = "Meta.XR.BuildingBlocks", "Meta.XR.BuildingBlocks.csproj", "{B2916B45-9E35-5DFB-CE90-EE7CF231BC1F}"
EndProject
Project("{FAE04EC0-301F-11D3-BF4B-00C04F79EFBC}") = "Oculus.Platform.Editor", "Oculus.Platform.Editor.csproj", "{C0561278-F651-B648-8318-7E934578682E}"
EndProject
Project("{FAE04EC0-301F-11D3-BF4B-00C04F79EFBC}") = "Facebook.Wit.Dictation", "Facebook.Wit.Dictation.csproj", "{866E8BC1-5DEF-1151-E444-81372148F6F7}"
EndProject
Project("{FAE04EC0-301F-11D3-BF4B-00C04F79EFBC}") = "Oculus.Spatializer.Editor", "Oculus.Spatializer.Editor.csproj", "{3047B7B5-21DD-6078-AF19-A0AC535EF7EF}"
EndProject
Project("{FAE04EC0-301F-11D3-BF4B-00C04F79EFBC}") = "Oculus.LipSync.Editor", "Oculus.LipSync.Editor.csproj", "{B955AFA5-2CF9-5DB3-05F3-3335269D7B68}"
EndProject
Project("{FAE04EC0-301F-11D3-BF4B-00C04F79EFBC}") = "Oculus.AudioManager.Utils.Editor", "Oculus.AudioManager.Utils.Editor.csproj", "{2DECAEAB-5264-7ADD-21F7-216681C5AF85}"
EndProject
Project("{FAE04EC0-301F-11D3-BF4B-00C04F79EFBC}") = "Meta.VoiceSDK.Mic.Common", "Meta.VoiceSDK.Mic.Common.csproj", "{751906AC-9AA0-9814-D3BB-019526E26630}"
EndProject
Project("{FAE04EC0-301F-11D3-BF4B-00C04F79EFBC}") = "Meta.Voice.Samples.ShapesConduit", "Meta.Voice.Samples.ShapesConduit.csproj", "{349017FD-150E-7B23-8C74-49775F5E7758}"
EndProject
Project("{FAE04EC0-301F-11D3-BF4B-00C04F79EFBC}") = "Oculus.Spatializer", "Oculus.Spatializer.csproj", "{FF4FD5E9-FDD3-BFE2-CDC1-768F5ABE6B61}"
EndProject
Project("{FAE04EC0-301F-11D3-BF4B-00C04F79EFBC}") = "Meta.VoiceSDK.Mic.Other", "Meta.VoiceSDK.Mic.Other.csproj", "{FCD65864-D9B0-3CA7-981A-AB8FA1A1C698}"
EndProject
Project("{FAE04EC0-301F-11D3-BF4B-00C04F79EFBC}") = "Oculus.Interaction.InterfaceSupport", "Oculus.Interaction.InterfaceSupport.csproj", "{ACD4CDB5-D225-A89B-253B-A5E6A47DBCB7}"
EndProject
Project("{FAE04EC0-301F-11D3-BF4B-00C04F79EFBC}") = "Oculus.AudioManager.Audio.Editor", "Oculus.AudioManager.Audio.Editor.csproj", "{0529E06C-BCE1-4A63-0C97-08935FA3D1A2}"
EndProject
Project("{FAE04EC0-301F-11D3-BF4B-00C04F79EFBC}") = "Meta.Voice.Samples.LiveUnderstanding", "Meta.Voice.Samples.LiveUnderstanding.csproj", "{515995AE-7596-F756-8FCA-F22567D4C78D}"
EndProject
Project("{FAE04EC0-301F-11D3-BF4B-00C04F79EFBC}") = "VoiceSDK.Dictation.Editor", "VoiceSDK.Dictation.Editor.csproj", "{D3F8D257-9CE7-B991-BF82-95FAE57DAE44}"
EndProject
Project("{FAE04EC0-301F-11D3-BF4B-00C04F79EFBC}") = "AssistantCoreSDKEditor", "AssistantCoreSDKEditor.csproj", "{522E3F58-CEFD-373A-FF22-7F26E0A06C70}"
EndProject
Project("{FAE04EC0-301F-11D3-BF4B-00C04F79EFBC}") = "Meta.VoiceSDK.Mic.WebGL", "Meta.VoiceSDK.Mic.WebGL.csproj", "{865FBA5F-4F53-A9A6-1560-814B8BD4AC46}"
EndProject
Project("{FAE04EC0-301F-11D3-BF4B-00C04F79EFBC}") = "Meta.Voice.Hub.Runtime", "Meta.Voice.Hub.Runtime.csproj", "{AE2CFAB8-9C30-1F71-C49A-BBE8AFC58F04}"
EndProject
Project("{FAE04EC0-301F-11D3-BF4B-00C04F79EFBC}") = "Meta.Voice.Samples.Chess", "Meta.Voice.Samples.Chess.csproj", "{B6604E3E-5E8C-8837-5732-799C210BB889}"
EndProject
Project("{FAE04EC0-301F-11D3-BF4B-00C04F79EFBC}") = "Meta.Voice.Samples.Dictation", "Meta.Voice.Samples.Dictation.csproj", "{40043C44-6CA7-0DAE-8BFF-03A53B29ED7B}"
EndProject
Project("{FAE04EC0-301F-11D3-BF4B-00C04F79EFBC}") = "Meta.Voice.Samples.Shapes", "Meta.Voice.Samples.Shapes.csproj", "{7EC38F3D-2600-83F2-0AFD-8EC2BB478CBC}"
EndProject
Project("{FAE04EC0-301F-11D3-BF4B-00C04F79EFBC}") = "Facebook.Wit.Dictation.Editor", "Facebook.Wit.Dictation.Editor.csproj", "{7CB792F6-FDD9-9B7E-A7D9-9DC72E9F16BD}"
EndProject
Global
	GlobalSection(SolutionConfigurationPlatforms) = preSolution
		Debug|Any CPU = Debug|Any CPU
		Release|Any CPU = Release|Any CPU
	EndGlobalSection
	GlobalSection(ProjectConfigurationPlatforms) = postSolution
		{3BC7D467-E3A5-ABBD-1285-3A6FC2209129}.Debug|Any CPU.ActiveCfg = Debug|Any CPU
		{3BC7D467-E3A5-ABBD-1285-3A6FC2209129}.Debug|Any CPU.Build.0 = Debug|Any CPU
		{3BC7D467-E3A5-ABBD-1285-3A6FC2209129}.Release|Any CPU.ActiveCfg = Release|Any CPU
		{3BC7D467-E3A5-ABBD-1285-3A6FC2209129}.Release|Any CPU.Build.0 = Release|Any CPU
		{86A28B69-46E7-2F8D-621A-E9D36B50CDC3}.Debug|Any CPU.ActiveCfg = Debug|Any CPU
		{86A28B69-46E7-2F8D-621A-E9D36B50CDC3}.Debug|Any CPU.Build.0 = Debug|Any CPU
		{86A28B69-46E7-2F8D-621A-E9D36B50CDC3}.Release|Any CPU.ActiveCfg = Release|Any CPU
		{86A28B69-46E7-2F8D-621A-E9D36B50CDC3}.Release|Any CPU.Build.0 = Release|Any CPU
		{0BE491B7-A797-9F33-2326-0C0018F76F7C}.Debug|Any CPU.ActiveCfg = Debug|Any CPU
		{0BE491B7-A797-9F33-2326-0C0018F76F7C}.Debug|Any CPU.Build.0 = Debug|Any CPU
		{0BE491B7-A797-9F33-2326-0C0018F76F7C}.Release|Any CPU.ActiveCfg = Release|Any CPU
		{0BE491B7-A797-9F33-2326-0C0018F76F7C}.Release|Any CPU.Build.0 = Release|Any CPU
		{7BFB5D0A-6C1C-B29C-CF2E-B314A1FFB97A}.Debug|Any CPU.ActiveCfg = Debug|Any CPU
		{7BFB5D0A-6C1C-B29C-CF2E-B314A1FFB97A}.Debug|Any CPU.Build.0 = Debug|Any CPU
		{7BFB5D0A-6C1C-B29C-CF2E-B314A1FFB97A}.Release|Any CPU.ActiveCfg = Release|Any CPU
		{7BFB5D0A-6C1C-B29C-CF2E-B314A1FFB97A}.Release|Any CPU.Build.0 = Release|Any CPU
		{4F38E62B-D727-C358-8007-FE547C88EEF3}.Debug|Any CPU.ActiveCfg = Debug|Any CPU
		{4F38E62B-D727-C358-8007-FE547C88EEF3}.Debug|Any CPU.Build.0 = Debug|Any CPU
		{4F38E62B-D727-C358-8007-FE547C88EEF3}.Release|Any CPU.ActiveCfg = Release|Any CPU
		{4F38E62B-D727-C358-8007-FE547C88EEF3}.Release|Any CPU.Build.0 = Release|Any CPU
		{6591F681-1C9B-BC36-5504-21243C53FB7B}.Debug|Any CPU.ActiveCfg = Debug|Any CPU
		{6591F681-1C9B-BC36-5504-21243C53FB7B}.Debug|Any CPU.Build.0 = Debug|Any CPU
		{6591F681-1C9B-BC36-5504-21243C53FB7B}.Release|Any CPU.ActiveCfg = Release|Any CPU
		{6591F681-1C9B-BC36-5504-21243C53FB7B}.Release|Any CPU.Build.0 = Release|Any CPU
		{3DE89B3E-8126-81F7-578C-13A321C3A07B}.Debug|Any CPU.ActiveCfg = Debug|Any CPU
		{3DE89B3E-8126-81F7-578C-13A321C3A07B}.Debug|Any CPU.Build.0 = Debug|Any CPU
		{3DE89B3E-8126-81F7-578C-13A321C3A07B}.Release|Any CPU.ActiveCfg = Release|Any CPU
		{3DE89B3E-8126-81F7-578C-13A321C3A07B}.Release|Any CPU.Build.0 = Release|Any CPU
		{F0623588-5376-07E9-7DFB-26C8D0872F57}.Debug|Any CPU.ActiveCfg = Debug|Any CPU
		{F0623588-5376-07E9-7DFB-26C8D0872F57}.Debug|Any CPU.Build.0 = Debug|Any CPU
		{F0623588-5376-07E9-7DFB-26C8D0872F57}.Release|Any CPU.ActiveCfg = Release|Any CPU
		{F0623588-5376-07E9-7DFB-26C8D0872F57}.Release|Any CPU.Build.0 = Release|Any CPU
		{CD22902A-6407-9846-4E79-7AF45E751345}.Debug|Any CPU.ActiveCfg = Debug|Any CPU
		{CD22902A-6407-9846-4E79-7AF45E751345}.Debug|Any CPU.Build.0 = Debug|Any CPU
		{CD22902A-6407-9846-4E79-7AF45E751345}.Release|Any CPU.ActiveCfg = Release|Any CPU
		{CD22902A-6407-9846-4E79-7AF45E751345}.Release|Any CPU.Build.0 = Release|Any CPU
		{AB23FBB5-3BFB-8F64-D50A-7DD6E9C35ADC}.Debug|Any CPU.ActiveCfg = Debug|Any CPU
		{AB23FBB5-3BFB-8F64-D50A-7DD6E9C35ADC}.Debug|Any CPU.Build.0 = Debug|Any CPU
		{AB23FBB5-3BFB-8F64-D50A-7DD6E9C35ADC}.Release|Any CPU.ActiveCfg = Release|Any CPU
		{AB23FBB5-3BFB-8F64-D50A-7DD6E9C35ADC}.Release|Any CPU.Build.0 = Release|Any CPU
		{4D16B790-F656-706A-C1DD-422B99B0580D}.Debug|Any CPU.ActiveCfg = Debug|Any CPU
		{4D16B790-F656-706A-C1DD-422B99B0580D}.Debug|Any CPU.Build.0 = Debug|Any CPU
		{4D16B790-F656-706A-C1DD-422B99B0580D}.Release|Any CPU.ActiveCfg = Release|Any CPU
		{4D16B790-F656-706A-C1DD-422B99B0580D}.Release|Any CPU.Build.0 = Release|Any CPU
		{270FB6AF-63F2-B180-CE58-828418321E3B}.Debug|Any CPU.ActiveCfg = Debug|Any CPU
		{270FB6AF-63F2-B180-CE58-828418321E3B}.Debug|Any CPU.Build.0 = Debug|Any CPU
		{270FB6AF-63F2-B180-CE58-828418321E3B}.Release|Any CPU.ActiveCfg = Release|Any CPU
		{270FB6AF-63F2-B180-CE58-828418321E3B}.Release|Any CPU.Build.0 = Release|Any CPU
		{65AFC81D-A5BC-05B9-6432-1CAB4580E6B7}.Debug|Any CPU.ActiveCfg = Debug|Any CPU
		{65AFC81D-A5BC-05B9-6432-1CAB4580E6B7}.Debug|Any CPU.Build.0 = Debug|Any CPU
		{65AFC81D-A5BC-05B9-6432-1CAB4580E6B7}.Release|Any CPU.ActiveCfg = Release|Any CPU
		{65AFC81D-A5BC-05B9-6432-1CAB4580E6B7}.Release|Any CPU.Build.0 = Release|Any CPU
		{0717C436-543C-B8E7-A5F9-394159F9E203}.Debug|Any CPU.ActiveCfg = Debug|Any CPU
		{0717C436-543C-B8E7-A5F9-394159F9E203}.Debug|Any CPU.Build.0 = Debug|Any CPU
		{0717C436-543C-B8E7-A5F9-394159F9E203}.Release|Any CPU.ActiveCfg = Release|Any CPU
		{0717C436-543C-B8E7-A5F9-394159F9E203}.Release|Any CPU.Build.0 = Release|Any CPU
		{695AD088-5AC7-AB2E-1EA1-086A69761DFA}.Debug|Any CPU.ActiveCfg = Debug|Any CPU
		{695AD088-5AC7-AB2E-1EA1-086A69761DFA}.Debug|Any CPU.Build.0 = Debug|Any CPU
		{695AD088-5AC7-AB2E-1EA1-086A69761DFA}.Release|Any CPU.ActiveCfg = Release|Any CPU
		{695AD088-5AC7-AB2E-1EA1-086A69761DFA}.Release|Any CPU.Build.0 = Release|Any CPU
		{28FCE37A-EC70-1F71-E9EC-614BBE2A1B33}.Debug|Any CPU.ActiveCfg = Debug|Any CPU
		{28FCE37A-EC70-1F71-E9EC-614BBE2A1B33}.Debug|Any CPU.Build.0 = Debug|Any CPU
		{28FCE37A-EC70-1F71-E9EC-614BBE2A1B33}.Release|Any CPU.ActiveCfg = Release|Any CPU
		{28FCE37A-EC70-1F71-E9EC-614BBE2A1B33}.Release|Any CPU.Build.0 = Release|Any CPU
		{724A2B18-D89C-6DA8-045F-8F16F23D3747}.Debug|Any CPU.ActiveCfg = Debug|Any CPU
		{724A2B18-D89C-6DA8-045F-8F16F23D3747}.Debug|Any CPU.Build.0 = Debug|Any CPU
		{724A2B18-D89C-6DA8-045F-8F16F23D3747}.Release|Any CPU.ActiveCfg = Release|Any CPU
		{724A2B18-D89C-6DA8-045F-8F16F23D3747}.Release|Any CPU.Build.0 = Release|Any CPU
		{9BF7E8B8-D5C1-6BAA-6CDD-8B50232D65CC}.Debug|Any CPU.ActiveCfg = Debug|Any CPU
		{9BF7E8B8-D5C1-6BAA-6CDD-8B50232D65CC}.Debug|Any CPU.Build.0 = Debug|Any CPU
		{9BF7E8B8-D5C1-6BAA-6CDD-8B50232D65CC}.Release|Any CPU.ActiveCfg = Release|Any CPU
		{9BF7E8B8-D5C1-6BAA-6CDD-8B50232D65CC}.Release|Any CPU.Build.0 = Release|Any CPU
		{E1F38309-FAE0-1A95-4C38-304D30B7F037}.Debug|Any CPU.ActiveCfg = Debug|Any CPU
		{E1F38309-FAE0-1A95-4C38-304D30B7F037}.Debug|Any CPU.Build.0 = Debug|Any CPU
		{E1F38309-FAE0-1A95-4C38-304D30B7F037}.Release|Any CPU.ActiveCfg = Release|Any CPU
		{E1F38309-FAE0-1A95-4C38-304D30B7F037}.Release|Any CPU.Build.0 = Release|Any CPU
		{7AA39B9F-57F6-ECC5-2EC4-E36714C7415D}.Debug|Any CPU.ActiveCfg = Debug|Any CPU
		{7AA39B9F-57F6-ECC5-2EC4-E36714C7415D}.Debug|Any CPU.Build.0 = Debug|Any CPU
		{7AA39B9F-57F6-ECC5-2EC4-E36714C7415D}.Release|Any CPU.ActiveCfg = Release|Any CPU
		{7AA39B9F-57F6-ECC5-2EC4-E36714C7415D}.Release|Any CPU.Build.0 = Release|Any CPU
		{FE526EE3-3354-B13F-43B9-F052A016E819}.Debug|Any CPU.ActiveCfg = Debug|Any CPU
		{FE526EE3-3354-B13F-43B9-F052A016E819}.Debug|Any CPU.Build.0 = Debug|Any CPU
		{FE526EE3-3354-B13F-43B9-F052A016E819}.Release|Any CPU.ActiveCfg = Release|Any CPU
		{FE526EE3-3354-B13F-43B9-F052A016E819}.Release|Any CPU.Build.0 = Release|Any CPU
		{C2DA9C64-4225-F336-3C75-E82E0192C85D}.Debug|Any CPU.ActiveCfg = Debug|Any CPU
		{C2DA9C64-4225-F336-3C75-E82E0192C85D}.Debug|Any CPU.Build.0 = Debug|Any CPU
		{C2DA9C64-4225-F336-3C75-E82E0192C85D}.Release|Any CPU.ActiveCfg = Release|Any CPU
		{C2DA9C64-4225-F336-3C75-E82E0192C85D}.Release|Any CPU.Build.0 = Release|Any CPU
		{0E8B85FC-CED6-D628-5756-FB5C40978C7D}.Debug|Any CPU.ActiveCfg = Debug|Any CPU
		{0E8B85FC-CED6-D628-5756-FB5C40978C7D}.Debug|Any CPU.Build.0 = Debug|Any CPU
		{0E8B85FC-CED6-D628-5756-FB5C40978C7D}.Release|Any CPU.ActiveCfg = Release|Any CPU
		{0E8B85FC-CED6-D628-5756-FB5C40978C7D}.Release|Any CPU.Build.0 = Release|Any CPU
		{12D7E733-DF19-52BF-467E-9DFACAED8D8C}.Debug|Any CPU.ActiveCfg = Debug|Any CPU
		{12D7E733-DF19-52BF-467E-9DFACAED8D8C}.Debug|Any CPU.Build.0 = Debug|Any CPU
		{12D7E733-DF19-52BF-467E-9DFACAED8D8C}.Release|Any CPU.ActiveCfg = Release|Any CPU
		{12D7E733-DF19-52BF-467E-9DFACAED8D8C}.Release|Any CPU.Build.0 = Release|Any CPU
		{0D9BA943-B8C2-CBDE-384D-DA59DDDD00AC}.Debug|Any CPU.ActiveCfg = Debug|Any CPU
		{0D9BA943-B8C2-CBDE-384D-DA59DDDD00AC}.Debug|Any CPU.Build.0 = Debug|Any CPU
		{0D9BA943-B8C2-CBDE-384D-DA59DDDD00AC}.Release|Any CPU.ActiveCfg = Release|Any CPU
		{0D9BA943-B8C2-CBDE-384D-DA59DDDD00AC}.Release|Any CPU.Build.0 = Release|Any CPU
		{B828E5A5-CC1D-2BE2-2FA7-396B4EFA3E57}.Debug|Any CPU.ActiveCfg = Debug|Any CPU
		{B828E5A5-CC1D-2BE2-2FA7-396B4EFA3E57}.Debug|Any CPU.Build.0 = Debug|Any CPU
		{B828E5A5-CC1D-2BE2-2FA7-396B4EFA3E57}.Release|Any CPU.ActiveCfg = Release|Any CPU
		{B828E5A5-CC1D-2BE2-2FA7-396B4EFA3E57}.Release|Any CPU.Build.0 = Release|Any CPU
		{30D0DB38-6FC8-0D02-7E7E-A44021C8FE8E}.Debug|Any CPU.ActiveCfg = Debug|Any CPU
		{30D0DB38-6FC8-0D02-7E7E-A44021C8FE8E}.Debug|Any CPU.Build.0 = Debug|Any CPU
		{30D0DB38-6FC8-0D02-7E7E-A44021C8FE8E}.Release|Any CPU.ActiveCfg = Release|Any CPU
		{30D0DB38-6FC8-0D02-7E7E-A44021C8FE8E}.Release|Any CPU.Build.0 = Release|Any CPU
		{CF5D5309-6B49-69B1-64C1-0EA3765602B6}.Debug|Any CPU.ActiveCfg = Debug|Any CPU
		{CF5D5309-6B49-69B1-64C1-0EA3765602B6}.Debug|Any CPU.Build.0 = Debug|Any CPU
		{CF5D5309-6B49-69B1-64C1-0EA3765602B6}.Release|Any CPU.ActiveCfg = Release|Any CPU
		{CF5D5309-6B49-69B1-64C1-0EA3765602B6}.Release|Any CPU.Build.0 = Release|Any CPU
		{2A2D3436-8BAD-385A-172D-2DEDAF17D9E8}.Debug|Any CPU.ActiveCfg = Debug|Any CPU
		{2A2D3436-8BAD-385A-172D-2DEDAF17D9E8}.Debug|Any CPU.Build.0 = Debug|Any CPU
		{2A2D3436-8BAD-385A-172D-2DEDAF17D9E8}.Release|Any CPU.ActiveCfg = Release|Any CPU
		{2A2D3436-8BAD-385A-172D-2DEDAF17D9E8}.Release|Any CPU.Build.0 = Release|Any CPU
		{A97A4869-434A-1B9F-6F46-3BAD11AA3B64}.Debug|Any CPU.ActiveCfg = Debug|Any CPU
		{A97A4869-434A-1B9F-6F46-3BAD11AA3B64}.Debug|Any CPU.Build.0 = Debug|Any CPU
		{A97A4869-434A-1B9F-6F46-3BAD11AA3B64}.Release|Any CPU.ActiveCfg = Release|Any CPU
		{A97A4869-434A-1B9F-6F46-3BAD11AA3B64}.Release|Any CPU.Build.0 = Release|Any CPU
		{DC370AD5-0B5B-D2D2-3396-12C7AA703621}.Debug|Any CPU.ActiveCfg = Debug|Any CPU
		{DC370AD5-0B5B-D2D2-3396-12C7AA703621}.Debug|Any CPU.Build.0 = Debug|Any CPU
		{DC370AD5-0B5B-D2D2-3396-12C7AA703621}.Release|Any CPU.ActiveCfg = Release|Any CPU
		{DC370AD5-0B5B-D2D2-3396-12C7AA703621}.Release|Any CPU.Build.0 = Release|Any CPU
		{1E1FB05B-BEE6-4710-4256-DF09A74269D2}.Debug|Any CPU.ActiveCfg = Debug|Any CPU
		{1E1FB05B-BEE6-4710-4256-DF09A74269D2}.Debug|Any CPU.Build.0 = Debug|Any CPU
		{1E1FB05B-BEE6-4710-4256-DF09A74269D2}.Release|Any CPU.ActiveCfg = Release|Any CPU
		{1E1FB05B-BEE6-4710-4256-DF09A74269D2}.Release|Any CPU.Build.0 = Release|Any CPU
		{85E42DAC-59F9-3BD8-3B30-F02135D2153E}.Debug|Any CPU.ActiveCfg = Debug|Any CPU
		{85E42DAC-59F9-3BD8-3B30-F02135D2153E}.Debug|Any CPU.Build.0 = Debug|Any CPU
		{85E42DAC-59F9-3BD8-3B30-F02135D2153E}.Release|Any CPU.ActiveCfg = Release|Any CPU
		{85E42DAC-59F9-3BD8-3B30-F02135D2153E}.Release|Any CPU.Build.0 = Release|Any CPU
		{FB53F4B4-54A7-F54C-1C10-3FDF83240302}.Debug|Any CPU.ActiveCfg = Debug|Any CPU
		{FB53F4B4-54A7-F54C-1C10-3FDF83240302}.Debug|Any CPU.Build.0 = Debug|Any CPU
		{FB53F4B4-54A7-F54C-1C10-3FDF83240302}.Release|Any CPU.ActiveCfg = Release|Any CPU
		{FB53F4B4-54A7-F54C-1C10-3FDF83240302}.Release|Any CPU.Build.0 = Release|Any CPU
		{B2916B45-9E35-5DFB-CE90-EE7CF231BC1F}.Debug|Any CPU.ActiveCfg = Debug|Any CPU
		{B2916B45-9E35-5DFB-CE90-EE7CF231BC1F}.Debug|Any CPU.Build.0 = Debug|Any CPU
		{B2916B45-9E35-5DFB-CE90-EE7CF231BC1F}.Release|Any CPU.ActiveCfg = Release|Any CPU
		{B2916B45-9E35-5DFB-CE90-EE7CF231BC1F}.Release|Any CPU.Build.0 = Release|Any CPU
		{C0561278-F651-B648-8318-7E934578682E}.Debug|Any CPU.ActiveCfg = Debug|Any CPU
		{C0561278-F651-B648-8318-7E934578682E}.Debug|Any CPU.Build.0 = Debug|Any CPU
		{C0561278-F651-B648-8318-7E934578682E}.Release|Any CPU.ActiveCfg = Release|Any CPU
		{C0561278-F651-B648-8318-7E934578682E}.Release|Any CPU.Build.0 = Release|Any CPU
		{866E8BC1-5DEF-1151-E444-81372148F6F7}.Debug|Any CPU.ActiveCfg = Debug|Any CPU
		{866E8BC1-5DEF-1151-E444-81372148F6F7}.Debug|Any CPU.Build.0 = Debug|Any CPU
		{866E8BC1-5DEF-1151-E444-81372148F6F7}.Release|Any CPU.ActiveCfg = Release|Any CPU
		{866E8BC1-5DEF-1151-E444-81372148F6F7}.Release|Any CPU.Build.0 = Release|Any CPU
		{3047B7B5-21DD-6078-AF19-A0AC535EF7EF}.Debug|Any CPU.ActiveCfg = Debug|Any CPU
		{3047B7B5-21DD-6078-AF19-A0AC535EF7EF}.Debug|Any CPU.Build.0 = Debug|Any CPU
		{3047B7B5-21DD-6078-AF19-A0AC535EF7EF}.Release|Any CPU.ActiveCfg = Release|Any CPU
		{3047B7B5-21DD-6078-AF19-A0AC535EF7EF}.Release|Any CPU.Build.0 = Release|Any CPU
		{B955AFA5-2CF9-5DB3-05F3-3335269D7B68}.Debug|Any CPU.ActiveCfg = Debug|Any CPU
		{B955AFA5-2CF9-5DB3-05F3-3335269D7B68}.Debug|Any CPU.Build.0 = Debug|Any CPU
		{B955AFA5-2CF9-5DB3-05F3-3335269D7B68}.Release|Any CPU.ActiveCfg = Release|Any CPU
		{B955AFA5-2CF9-5DB3-05F3-3335269D7B68}.Release|Any CPU.Build.0 = Release|Any CPU
		{2DECAEAB-5264-7ADD-21F7-216681C5AF85}.Debug|Any CPU.ActiveCfg = Debug|Any CPU
		{2DECAEAB-5264-7ADD-21F7-216681C5AF85}.Debug|Any CPU.Build.0 = Debug|Any CPU
		{2DECAEAB-5264-7ADD-21F7-216681C5AF85}.Release|Any CPU.ActiveCfg = Release|Any CPU
		{2DECAEAB-5264-7ADD-21F7-216681C5AF85}.Release|Any CPU.Build.0 = Release|Any CPU
		{751906AC-9AA0-9814-D3BB-019526E26630}.Debug|Any CPU.ActiveCfg = Debug|Any CPU
		{751906AC-9AA0-9814-D3BB-019526E26630}.Debug|Any CPU.Build.0 = Debug|Any CPU
		{751906AC-9AA0-9814-D3BB-019526E26630}.Release|Any CPU.ActiveCfg = Release|Any CPU
		{751906AC-9AA0-9814-D3BB-019526E26630}.Release|Any CPU.Build.0 = Release|Any CPU
		{349017FD-150E-7B23-8C74-49775F5E7758}.Debug|Any CPU.ActiveCfg = Debug|Any CPU
		{349017FD-150E-7B23-8C74-49775F5E7758}.Debug|Any CPU.Build.0 = Debug|Any CPU
		{349017FD-150E-7B23-8C74-49775F5E7758}.Release|Any CPU.ActiveCfg = Release|Any CPU
		{349017FD-150E-7B23-8C74-49775F5E7758}.Release|Any CPU.Build.0 = Release|Any CPU
		{FF4FD5E9-FDD3-BFE2-CDC1-768F5ABE6B61}.Debug|Any CPU.ActiveCfg = Debug|Any CPU
		{FF4FD5E9-FDD3-BFE2-CDC1-768F5ABE6B61}.Debug|Any CPU.Build.0 = Debug|Any CPU
		{FF4FD5E9-FDD3-BFE2-CDC1-768F5ABE6B61}.Release|Any CPU.ActiveCfg = Release|Any CPU
		{FF4FD5E9-FDD3-BFE2-CDC1-768F5ABE6B61}.Release|Any CPU.Build.0 = Release|Any CPU
		{FCD65864-D9B0-3CA7-981A-AB8FA1A1C698}.Debug|Any CPU.ActiveCfg = Debug|Any CPU
		{FCD65864-D9B0-3CA7-981A-AB8FA1A1C698}.Debug|Any CPU.Build.0 = Debug|Any CPU
		{FCD65864-D9B0-3CA7-981A-AB8FA1A1C698}.Release|Any CPU.ActiveCfg = Release|Any CPU
		{FCD65864-D9B0-3CA7-981A-AB8FA1A1C698}.Release|Any CPU.Build.0 = Release|Any CPU
		{ACD4CDB5-D225-A89B-253B-A5E6A47DBCB7}.Debug|Any CPU.ActiveCfg = Debug|Any CPU
		{ACD4CDB5-D225-A89B-253B-A5E6A47DBCB7}.Debug|Any CPU.Build.0 = Debug|Any CPU
		{ACD4CDB5-D225-A89B-253B-A5E6A47DBCB7}.Release|Any CPU.ActiveCfg = Release|Any CPU
		{ACD4CDB5-D225-A89B-253B-A5E6A47DBCB7}.Release|Any CPU.Build.0 = Release|Any CPU
		{0529E06C-BCE1-4A63-0C97-08935FA3D1A2}.Debug|Any CPU.ActiveCfg = Debug|Any CPU
		{0529E06C-BCE1-4A63-0C97-08935FA3D1A2}.Debug|Any CPU.Build.0 = Debug|Any CPU
		{0529E06C-BCE1-4A63-0C97-08935FA3D1A2}.Release|Any CPU.ActiveCfg = Release|Any CPU
		{0529E06C-BCE1-4A63-0C97-08935FA3D1A2}.Release|Any CPU.Build.0 = Release|Any CPU
		{515995AE-7596-F756-8FCA-F22567D4C78D}.Debug|Any CPU.ActiveCfg = Debug|Any CPU
		{515995AE-7596-F756-8FCA-F22567D4C78D}.Debug|Any CPU.Build.0 = Debug|Any CPU
		{515995AE-7596-F756-8FCA-F22567D4C78D}.Release|Any CPU.ActiveCfg = Release|Any CPU
		{515995AE-7596-F756-8FCA-F22567D4C78D}.Release|Any CPU.Build.0 = Release|Any CPU
		{D3F8D257-9CE7-B991-BF82-95FAE57DAE44}.Debug|Any CPU.ActiveCfg = Debug|Any CPU
		{D3F8D257-9CE7-B991-BF82-95FAE57DAE44}.Debug|Any CPU.Build.0 = Debug|Any CPU
		{D3F8D257-9CE7-B991-BF82-95FAE57DAE44}.Release|Any CPU.ActiveCfg = Release|Any CPU
		{D3F8D257-9CE7-B991-BF82-95FAE57DAE44}.Release|Any CPU.Build.0 = Release|Any CPU
		{522E3F58-CEFD-373A-FF22-7F26E0A06C70}.Debug|Any CPU.ActiveCfg = Debug|Any CPU
		{522E3F58-CEFD-373A-FF22-7F26E0A06C70}.Debug|Any CPU.Build.0 = Debug|Any CPU
		{522E3F58-CEFD-373A-FF22-7F26E0A06C70}.Release|Any CPU.ActiveCfg = Release|Any CPU
		{522E3F58-CEFD-373A-FF22-7F26E0A06C70}.Release|Any CPU.Build.0 = Release|Any CPU
		{865FBA5F-4F53-A9A6-1560-814B8BD4AC46}.Debug|Any CPU.ActiveCfg = Debug|Any CPU
		{865FBA5F-4F53-A9A6-1560-814B8BD4AC46}.Debug|Any CPU.Build.0 = Debug|Any CPU
		{865FBA5F-4F53-A9A6-1560-814B8BD4AC46}.Release|Any CPU.ActiveCfg = Release|Any CPU
		{865FBA5F-4F53-A9A6-1560-814B8BD4AC46}.Release|Any CPU.Build.0 = Release|Any CPU
		{AE2CFAB8-9C30-1F71-C49A-BBE8AFC58F04}.Debug|Any CPU.ActiveCfg = Debug|Any CPU
		{AE2CFAB8-9C30-1F71-C49A-BBE8AFC58F04}.Debug|Any CPU.Build.0 = Debug|Any CPU
		{AE2CFAB8-9C30-1F71-C49A-BBE8AFC58F04}.Release|Any CPU.ActiveCfg = Release|Any CPU
		{AE2CFAB8-9C30-1F71-C49A-BBE8AFC58F04}.Release|Any CPU.Build.0 = Release|Any CPU
		{B6604E3E-5E8C-8837-5732-799C210BB889}.Debug|Any CPU.ActiveCfg = Debug|Any CPU
		{B6604E3E-5E8C-8837-5732-799C210BB889}.Debug|Any CPU.Build.0 = Debug|Any CPU
		{B6604E3E-5E8C-8837-5732-799C210BB889}.Release|Any CPU.ActiveCfg = Release|Any CPU
		{B6604E3E-5E8C-8837-5732-799C210BB889}.Release|Any CPU.Build.0 = Release|Any CPU
		{40043C44-6CA7-0DAE-8BFF-03A53B29ED7B}.Debug|Any CPU.ActiveCfg = Debug|Any CPU
		{40043C44-6CA7-0DAE-8BFF-03A53B29ED7B}.Debug|Any CPU.Build.0 = Debug|Any CPU
		{40043C44-6CA7-0DAE-8BFF-03A53B29ED7B}.Release|Any CPU.ActiveCfg = Release|Any CPU
		{40043C44-6CA7-0DAE-8BFF-03A53B29ED7B}.Release|Any CPU.Build.0 = Release|Any CPU
		{7EC38F3D-2600-83F2-0AFD-8EC2BB478CBC}.Debug|Any CPU.ActiveCfg = Debug|Any CPU
		{7EC38F3D-2600-83F2-0AFD-8EC2BB478CBC}.Debug|Any CPU.Build.0 = Debug|Any CPU
		{7EC38F3D-2600-83F2-0AFD-8EC2BB478CBC}.Release|Any CPU.ActiveCfg = Release|Any CPU
		{7EC38F3D-2600-83F2-0AFD-8EC2BB478CBC}.Release|Any CPU.Build.0 = Release|Any CPU
		{7CB792F6-FDD9-9B7E-A7D9-9DC72E9F16BD}.Debug|Any CPU.ActiveCfg = Debug|Any CPU
		{7CB792F6-FDD9-9B7E-A7D9-9DC72E9F16BD}.Debug|Any CPU.Build.0 = Debug|Any CPU
		{7CB792F6-FDD9-9B7E-A7D9-9DC72E9F16BD}.Release|Any CPU.ActiveCfg = Release|Any CPU
		{7CB792F6-FDD9-9B7E-A7D9-9DC72E9F16BD}.Release|Any CPU.Build.0 = Release|Any CPU
	EndGlobalSection
	GlobalSection(SolutionProperties) = preSolution
		HideSolutionNode = FALSE
	EndGlobalSection
EndGlobal
